
Microsoft Visual Studio Solution File, Format Version 12.00
# Visual Studio Version 16
VisualStudioVersion = 16.0.30611.23
MinimumVisualStudioVersion = 10.0.40219.1
Project("{FAE04EC0-301F-11D3-BF4B-00C04F79EFBC}") = "JKPlusModManager", "JKPlusModManager\JKPlusModManager.csproj", "{4E64B41F-55D7-44B9-A6C5-2C46CB9AFF2B}"
EndProject
Global
	GlobalSection(SolutionConfigurationPlatforms) = preSolution
		Debug|Any CPU = Debug|Any CPU
		Release|Any CPU = Release|Any CPU
	EndGlobalSection
	GlobalSection(ProjectConfigurationPlatforms) = postSolution
		{4E64B41F-55D7-44B9-A6C5-2C46CB9AFF2B}.Debug|Any CPU.ActiveCfg = Debug|Any CPU
		{4E64B41F-55D7-44B9-A6C5-2C46CB9AFF2B}.Debug|Any CPU.Build.0 = Debug|Any CPU
		{4E64B41F-55D7-44B9-A6C5-2C46CB9AFF2B}.Release|Any CPU.ActiveCfg = Release|Any CPU
		{4E64B41F-55D7-44B9-A6C5-2C46CB9AFF2B}.Release|Any CPU.Build.0 = Release|Any CPU
	EndGlobalSection
	GlobalSection(SolutionProperties) = preSolution
		HideSolutionNode = FALSE
	EndGlobalSection
	GlobalSection(ExtensibilityGlobals) = postSolution
		SolutionGuid = {0A3CEFC6-6743-4804-BFA8-244A7C3F2B2F}
	EndGlobalSection
EndGlobal
